
Microsoft Visual Studio Solution File, Format Version 12.00
# Visual Studio Version 16
VisualStudioVersion = 16.0.30626.31
MinimumVisualStudioVersion = 10.0.40219.1
Project("{FAE04EC0-301F-11D3-BF4B-00C04F79EFBC}") = "net5WebApp", "net5WebApp\net5WebApp.csproj", "{945586EE-E8FF-4245-822F-BF29A8F5E17B}"
EndProject
Global
	GlobalSection(SolutionConfigurationPlatforms) = preSolution
		Debug|Any CPU = Debug|Any CPU
		Release|Any CPU = Release|Any CPU
	EndGlobalSection
	GlobalSection(ProjectConfigurationPlatforms) = postSolution
		{945586EE-E8FF-4245-822F-BF29A8F5E17B}.Debug|Any CPU.ActiveCfg = Debug|Any CPU
		{945586EE-E8FF-4245-822F-BF29A8F5E17B}.Debug|Any CPU.Build.0 = Debug|Any CPU
		{945586EE-E8FF-4245-822F-BF29A8F5E17B}.Release|Any CPU.ActiveCfg = Release|Any CPU
		{945586EE-E8FF-4245-822F-BF29A8F5E17B}.Release|Any CPU.Build.0 = Release|Any CPU
	EndGlobalSection
	GlobalSection(SolutionProperties) = preSolution
		HideSolutionNode = FALSE
	EndGlobalSection
	GlobalSection(ExtensibilityGlobals) = postSolution
		SolutionGuid = {3148024E-76E7-4B60-AE81-605E0ECFDB6C}
	EndGlobalSection
EndGlobal
